
Microsoft Visual Studio Solution File, Format Version 12.00
# Visual Studio Version 16
VisualStudioVersion = 25.0.1700.0
MinimumVisualStudioVersion = 10.0.40219.1
Project("{FAE04EC0-301F-11D3-BF4B-00C04F79EFBC}") = "secondApi", "secondApi.csproj", "{BE676347-D23E-422D-8953-85AC08091D66}"
EndProject
Global
	GlobalSection(SolutionConfigurationPlatforms) = preSolution
		Debug|Any CPU = Debug|Any CPU
		Release|Any CPU = Release|Any CPU
	EndGlobalSection
	GlobalSection(ProjectConfigurationPlatforms) = postSolution
		{BE676347-D23E-422D-8953-85AC08091D66}.Debug|Any CPU.ActiveCfg = Debug|Any CPU
		{BE676347-D23E-422D-8953-85AC08091D66}.Debug|Any CPU.Build.0 = Debug|Any CPU
		{BE676347-D23E-422D-8953-85AC08091D66}.Release|Any CPU.ActiveCfg = Release|Any CPU
		{BE676347-D23E-422D-8953-85AC08091D66}.Release|Any CPU.Build.0 = Release|Any CPU
	EndGlobalSection
	GlobalSection(SolutionProperties) = preSolution
		HideSolutionNode = FALSE
	EndGlobalSection
	GlobalSection(ExtensibilityGlobals) = postSolution
		SolutionGuid = {B7F03C76-4BB4-4F96-9FA5-00580D083AC5}
	EndGlobalSection
EndGlobal
